
Microsoft Visual Studio Solution File, Format Version 12.00
# Visual Studio Version 17
VisualStudioVersion = 17.5.33424.131
MinimumVisualStudioVersion = 10.0.40219.1
Project("{FAE04EC0-301F-11D3-BF4B-00C04F79EFBC}") = "SerializerLibrary", "SerializerLibrary\SerializerLibrary.csproj", "{51599448-C278-4FF3-92DD-95A2C84E6FFB}"
EndProject
Global
	GlobalSection(SolutionConfigurationPlatforms) = preSolution
		Debug|Any CPU = Debug|Any CPU
		Release|Any CPU = Release|Any CPU
	EndGlobalSection
	GlobalSection(ProjectConfigurationPlatforms) = postSolution
		{51599448-C278-4FF3-92DD-95A2C84E6FFB}.Debug|Any CPU.ActiveCfg = Debug|Any CPU
		{51599448-C278-4FF3-92DD-95A2C84E6FFB}.Debug|Any CPU.Build.0 = Debug|Any CPU
		{51599448-C278-4FF3-92DD-95A2C84E6FFB}.Release|Any CPU.ActiveCfg = Release|Any CPU
		{51599448-C278-4FF3-92DD-95A2C84E6FFB}.Release|Any CPU.Build.0 = Release|Any CPU
	EndGlobalSection
	GlobalSection(SolutionProperties) = preSolution
		HideSolutionNode = FALSE
	EndGlobalSection
	GlobalSection(ExtensibilityGlobals) = postSolution
		SolutionGuid = {6C2CF9FF-9DE0-437B-8E05-6102518CDA8B}
	EndGlobalSection
EndGlobal
